
Microsoft Visual Studio Solution File, Format Version 12.00
# Visual Studio Version 17
VisualStudioVersion = 17.4.33122.133
MinimumVisualStudioVersion = 10.0.40219.1
Project("{9A19103F-16F7-4668-BE54-9A1E7A4F7556}") = "PaparaProject.Domain", "PaparaProject.Domain\PaparaProject.Domain.csproj", "{02FDB891-F13D-4413-A76F-8CD0B7329125}"
EndProject
Project("{9A19103F-16F7-4668-BE54-9A1E7A4F7556}") = "PaparaProject.Persistence", "PaparaProject.Persistence\PaparaProject.Persistence.csproj", "{25A3436B-A486-4788-A4E2-D1A718392D94}"
EndProject
Project("{9A19103F-16F7-4668-BE54-9A1E7A4F7556}") = "PaparaProject.Application", "PaparaProject.Application\PaparaProject.Application.csproj", "{012B9D68-DC48-49BD-BC15-A59B750F31BB}"
EndProject
Project("{9A19103F-16F7-4668-BE54-9A1E7A4F7556}") = "PaparaProject.WebAPI", "PaparaProject.WebAPI\PaparaProject.WebAPI.csproj", "{95C8EFEC-A62C-4D46-8647-05A517847F25}"
EndProject
Project("{9A19103F-16F7-4668-BE54-9A1E7A4F7556}") = "PaparaProject.Infrastructure", "PaparaProject.Infrastructure\PaparaProject.Infrastructure.csproj", "{79643507-53DD-4E22-897F-7931E3F062F3}"
EndProject
Project("{9A19103F-16F7-4668-BE54-9A1E7A4F7556}") = "PaparaProject.PaymentAPI", "PaparaProject.PaymentAPI\PaparaProject.PaymentAPI.csproj", "{204CB248-9CB9-4DB3-A658-C727F02488C0}"
EndProject
Global
	GlobalSection(SolutionConfigurationPlatforms) = preSolution
		Debug|Any CPU = Debug|Any CPU
		Release|Any CPU = Release|Any CPU
	EndGlobalSection
	GlobalSection(ProjectConfigurationPlatforms) = postSolution
		{02FDB891-F13D-4413-A76F-8CD0B7329125}.Debug|Any CPU.ActiveCfg = Debug|Any CPU
		{02FDB891-F13D-4413-A76F-8CD0B7329125}.Debug|Any CPU.Build.0 = Debug|Any CPU
		{02FDB891-F13D-4413-A76F-8CD0B7329125}.Release|Any CPU.ActiveCfg = Release|Any CPU
		{02FDB891-F13D-4413-A76F-8CD0B7329125}.Release|Any CPU.Build.0 = Release|Any CPU
		{25A3436B-A486-4788-A4E2-D1A718392D94}.Debug|Any CPU.ActiveCfg = Debug|Any CPU
		{25A3436B-A486-4788-A4E2-D1A718392D94}.Debug|Any CPU.Build.0 = Debug|Any CPU
		{25A3436B-A486-4788-A4E2-D1A718392D94}.Release|Any CPU.ActiveCfg = Release|Any CPU
		{25A3436B-A486-4788-A4E2-D1A718392D94}.Release|Any CPU.Build.0 = Release|Any CPU
		{012B9D68-DC48-49BD-BC15-A59B750F31BB}.Debug|Any CPU.ActiveCfg = Debug|Any CPU
		{012B9D68-DC48-49BD-BC15-A59B750F31BB}.Debug|Any CPU.Build.0 = Debug|Any CPU
		{012B9D68-DC48-49BD-BC15-A59B750F31BB}.Release|Any CPU.ActiveCfg = Release|Any CPU
		{012B9D68-DC48-49BD-BC15-A59B750F31BB}.Release|Any CPU.Build.0 = Release|Any CPU
		{95C8EFEC-A62C-4D46-8647-05A517847F25}.Debug|Any CPU.ActiveCfg = Debug|Any CPU
		{95C8EFEC-A62C-4D46-8647-05A517847F25}.Debug|Any CPU.Build.0 = Debug|Any CPU
		{95C8EFEC-A62C-4D46-8647-05A517847F25}.Release|Any CPU.ActiveCfg = Release|Any CPU
		{95C8EFEC-A62C-4D46-8647-05A517847F25}.Release|Any CPU.Build.0 = Release|Any CPU
		{79643507-53DD-4E22-897F-7931E3F062F3}.Debug|Any CPU.ActiveCfg = Debug|Any CPU
		{79643507-53DD-4E22-897F-7931E3F062F3}.Debug|Any CPU.Build.0 = Debug|Any CPU
		{79643507-53DD-4E22-897F-7931E3F062F3}.Release|Any CPU.ActiveCfg = Release|Any CPU
		{79643507-53DD-4E22-897F-7931E3F062F3}.Release|Any CPU.Build.0 = Release|Any CPU
		{204CB248-9CB9-4DB3-A658-C727F02488C0}.Debug|Any CPU.ActiveCfg = Debug|Any CPU
		{204CB248-9CB9-4DB3-A658-C727F02488C0}.Debug|Any CPU.Build.0 = Debug|Any CPU
		{204CB248-9CB9-4DB3-A658-C727F02488C0}.Release|Any CPU.ActiveCfg = Release|Any CPU
		{204CB248-9CB9-4DB3-A658-C727F02488C0}.Release|Any CPU.Build.0 = Release|Any CPU
	EndGlobalSection
	GlobalSection(SolutionProperties) = preSolution
		HideSolutionNode = FALSE
	EndGlobalSection
	GlobalSection(ExtensibilityGlobals) = postSolution
		SolutionGuid = {2E7C8B29-F338-4EA4-B6D4-E84512505A50}
	EndGlobalSection
EndGlobal
